
Microsoft Visual Studio Solution File, Format Version 12.00
# Visual Studio 15
VisualStudioVersion = 15.0.27703.2047
MinimumVisualStudioVersion = 10.0.40219.1
Project("{FAE04EC0-301F-11D3-BF4B-00C04F79EFBC}") = "OrganizationDemo", "OrganizationDemo\OrganizationDemo.csproj", "{FDEE4AB4-88AA-4543-89FF-80190F24420C}"
EndProject
Global
	GlobalSection(SolutionConfigurationPlatforms) = preSolution
		Debug|Any CPU = Debug|Any CPU
		Release|Any CPU = Release|Any CPU
	EndGlobalSection
	GlobalSection(ProjectConfigurationPlatforms) = postSolution
		{FDEE4AB4-88AA-4543-89FF-80190F24420C}.Debug|Any CPU.ActiveCfg = Debug|Any CPU
		{FDEE4AB4-88AA-4543-89FF-80190F24420C}.Debug|Any CPU.Build.0 = Debug|Any CPU
		{FDEE4AB4-88AA-4543-89FF-80190F24420C}.Release|Any CPU.ActiveCfg = Release|Any CPU
		{FDEE4AB4-88AA-4543-89FF-80190F24420C}.Release|Any CPU.Build.0 = Release|Any CPU
	EndGlobalSection
	GlobalSection(SolutionProperties) = preSolution
		HideSolutionNode = FALSE
	EndGlobalSection
	GlobalSection(ExtensibilityGlobals) = postSolution
		SolutionGuid = {C3699D9C-1536-4D94-91D7-EA10A59644F0}
	EndGlobalSection
EndGlobal
